
Microsoft Visual Studio Solution File, Format Version 12.00
# Visual Studio Version 17
VisualStudioVersion = 17.13.35919.96
MinimumVisualStudioVersion = 10.0.40219.1
Project("{FAE04EC0-301F-11D3-BF4B-00C04F79EFBC}") = "Life Log App", "Life Log App\Life Log App.csproj", "{671A645E-BAEF-4C90-A7ED-1DFA4B181132}"
EndProject
Project("{2150E333-8FDC-42A3-9474-1A3956D46DE8}") = "Services", "Services", "{02EA681E-C7D8-13C7-8484-4AC65E1B71E8}"
EndProject
Project("{FAE04EC0-301F-11D3-BF4B-00C04F79EFBC}") = "Data", "Services\Data\Data.csproj", "{09B5B114-3117-4D55-9A19-01827BA7FD58}"
EndProject
Project("{FAE04EC0-301F-11D3-BF4B-00C04F79EFBC}") = "Components", "Core\Components\Components.csproj", "{1F4AA79B-ABEB-45A3-AF65-A87F7607B831}"
EndProject
Project("{FAE04EC0-301F-11D3-BF4B-00C04F79EFBC}") = "Api", "Services\Api\Api.csproj", "{38E1A752-E193-48E3-AF5F-CED855572ABF}"
EndProject
Project("{FAE04EC0-301F-11D3-BF4B-00C04F79EFBC}") = "WorldData", "Services\WorldData\WorldData.csproj", "{60A22EC7-D9B6-439C-A000-23BCD7F5809B}"
EndProject
Project("{FAE04EC0-301F-11D3-BF4B-00C04F79EFBC}") = "Utils", "Core\Utils\Utils.csproj", "{11BC1E66-1D4D-4139-AEA2-6220A2DE36FD}"
EndProject
Project("{FAE04EC0-301F-11D3-BF4B-00C04F79EFBC}") = "Models", "Core\Models\Models.csproj", "{1D10EE50-9DB8-4685-A4FA-4CFDE34303AC}"
EndProject
Project("{2150E333-8FDC-42A3-9474-1A3956D46DE8}") = "Core", "Core", "{42C25CF4-852E-40FB-9036-97B83FE55896}"
EndProject
Project("{FAE04EC0-301F-11D3-BF4B-00C04F79EFBC}") = "Exceptions", "Core\Exceptions\Exceptions.csproj", "{2E7F74D1-3B77-4E84-9680-1828D32FEEE6}"
EndProject
Project("{FAE04EC0-301F-11D3-BF4B-00C04F79EFBC}") = "Interfaces", "Core\Interfaces\Interfaces.csproj", "{D0156644-7C9E-410A-A280-9999FB6A3D55}"
EndProject
Project("{FAE04EC0-301F-11D3-BF4B-00C04F79EFBC}") = "LifeLog.Base.Models", "Base\LifeLog.Base.Models\LifeLog.Base.Models.csproj", "{573644AF-0C91-4C0D-BDA9-7427519A6961}"
EndProject
Project("{FAE04EC0-301F-11D3-BF4B-00C04F79EFBC}") = "LifeLog.Base.Models", "Base\LifeLog.Base.Models\LifeLog.Base.Models.csproj", "{573644AF-0C91-4C0D-BDA9-7427519A6961}"
EndProject
Project("{FAE04EC0-301F-11D3-BF4B-00C04F79EFBC}") = "LifeLog.Base.Models", "Base\LifeLog.Base.Models\LifeLog.Base.Models.csproj", "{573644AF-0C91-4C0D-BDA9-7427519A6961}"
EndProject
Project("{FAE04EC0-301F-11D3-BF4B-00C04F79EFBC}") = "LifeLog.Base.Models", "Base\LifeLog.Base.Models\LifeLog.Base.Models.csproj", "{573644AF-0C91-4C0D-BDA9-7427519A6961}"
EndProject
Project("{FAE04EC0-301F-11D3-BF4B-00C04F79EFBC}") = "LifeLog.Base.Models", "Base\LifeLog.Base.Models\LifeLog.Base.Models.csproj", "{573644AF-0C91-4C0D-BDA9-7427519A6961}"
EndProject
Global
	GlobalSection(SolutionConfigurationPlatforms) = preSolution
		Debug|Any CPU = Debug|Any CPU
		Release|Any CPU = Release|Any CPU
	EndGlobalSection
	GlobalSection(ProjectConfigurationPlatforms) = postSolution
<<<<<<< Updated upstream
		{671A645E-BAEF-4C90-A7ED-1DFA4B181132}.Debug|Any CPU.ActiveCfg = Debug|Any CPU
		{671A645E-BAEF-4C90-A7ED-1DFA4B181132}.Debug|Any CPU.Build.0 = Debug|Any CPU
		{671A645E-BAEF-4C90-A7ED-1DFA4B181132}.Release|Any CPU.ActiveCfg = Release|Any CPU
		{671A645E-BAEF-4C90-A7ED-1DFA4B181132}.Release|Any CPU.Build.0 = Release|Any CPU
		{09B5B114-3117-4D55-9A19-01827BA7FD58}.Debug|Any CPU.ActiveCfg = Debug|Any CPU
		{09B5B114-3117-4D55-9A19-01827BA7FD58}.Debug|Any CPU.Build.0 = Debug|Any CPU
		{09B5B114-3117-4D55-9A19-01827BA7FD58}.Release|Any CPU.ActiveCfg = Release|Any CPU
		{09B5B114-3117-4D55-9A19-01827BA7FD58}.Release|Any CPU.Build.0 = Release|Any CPU
		{1F4AA79B-ABEB-45A3-AF65-A87F7607B831}.Debug|Any CPU.ActiveCfg = Debug|Any CPU
		{1F4AA79B-ABEB-45A3-AF65-A87F7607B831}.Debug|Any CPU.Build.0 = Debug|Any CPU
		{1F4AA79B-ABEB-45A3-AF65-A87F7607B831}.Release|Any CPU.ActiveCfg = Release|Any CPU
		{1F4AA79B-ABEB-45A3-AF65-A87F7607B831}.Release|Any CPU.Build.0 = Release|Any CPU
		{38E1A752-E193-48E3-AF5F-CED855572ABF}.Debug|Any CPU.ActiveCfg = Debug|Any CPU
		{38E1A752-E193-48E3-AF5F-CED855572ABF}.Debug|Any CPU.Build.0 = Debug|Any CPU
		{38E1A752-E193-48E3-AF5F-CED855572ABF}.Release|Any CPU.ActiveCfg = Release|Any CPU
		{38E1A752-E193-48E3-AF5F-CED855572ABF}.Release|Any CPU.Build.0 = Release|Any CPU
		{60A22EC7-D9B6-439C-A000-23BCD7F5809B}.Debug|Any CPU.ActiveCfg = Debug|Any CPU
		{60A22EC7-D9B6-439C-A000-23BCD7F5809B}.Debug|Any CPU.Build.0 = Debug|Any CPU
		{60A22EC7-D9B6-439C-A000-23BCD7F5809B}.Release|Any CPU.ActiveCfg = Release|Any CPU
		{60A22EC7-D9B6-439C-A000-23BCD7F5809B}.Release|Any CPU.Build.0 = Release|Any CPU
		{11BC1E66-1D4D-4139-AEA2-6220A2DE36FD}.Debug|Any CPU.ActiveCfg = Debug|Any CPU
		{11BC1E66-1D4D-4139-AEA2-6220A2DE36FD}.Debug|Any CPU.Build.0 = Debug|Any CPU
		{11BC1E66-1D4D-4139-AEA2-6220A2DE36FD}.Release|Any CPU.ActiveCfg = Release|Any CPU
		{11BC1E66-1D4D-4139-AEA2-6220A2DE36FD}.Release|Any CPU.Build.0 = Release|Any CPU
		{1D10EE50-9DB8-4685-A4FA-4CFDE34303AC}.Debug|Any CPU.ActiveCfg = Debug|Any CPU
		{1D10EE50-9DB8-4685-A4FA-4CFDE34303AC}.Debug|Any CPU.Build.0 = Debug|Any CPU
		{1D10EE50-9DB8-4685-A4FA-4CFDE34303AC}.Release|Any CPU.ActiveCfg = Release|Any CPU
		{1D10EE50-9DB8-4685-A4FA-4CFDE34303AC}.Release|Any CPU.Build.0 = Release|Any CPU
		{2E7F74D1-3B77-4E84-9680-1828D32FEEE6}.Debug|Any CPU.ActiveCfg = Debug|Any CPU
		{2E7F74D1-3B77-4E84-9680-1828D32FEEE6}.Debug|Any CPU.Build.0 = Debug|Any CPU
		{2E7F74D1-3B77-4E84-9680-1828D32FEEE6}.Release|Any CPU.ActiveCfg = Release|Any CPU
		{2E7F74D1-3B77-4E84-9680-1828D32FEEE6}.Release|Any CPU.Build.0 = Release|Any CPU
		{D0156644-7C9E-410A-A280-9999FB6A3D55}.Debug|Any CPU.ActiveCfg = Debug|Any CPU
		{D0156644-7C9E-410A-A280-9999FB6A3D55}.Debug|Any CPU.Build.0 = Debug|Any CPU
		{D0156644-7C9E-410A-A280-9999FB6A3D55}.Release|Any CPU.ActiveCfg = Release|Any CPU
		{D0156644-7C9E-410A-A280-9999FB6A3D55}.Release|Any CPU.Build.0 = Release|Any CPU
=======
		{88A955C6-7B8F-43A7-9985-2A37C63DFB41}.Debug|Any CPU.ActiveCfg = Debug|Any CPU
		{88A955C6-7B8F-43A7-9985-2A37C63DFB41}.Debug|Any CPU.Build.0 = Debug|Any CPU
		{88A955C6-7B8F-43A7-9985-2A37C63DFB41}.Release|Any CPU.ActiveCfg = Release|Any CPU
		{88A955C6-7B8F-43A7-9985-2A37C63DFB41}.Release|Any CPU.Build.0 = Release|Any CPU
		{DBD44F5F-F1CF-405A-A096-0F3369C03874}.Debug|Any CPU.ActiveCfg = Debug|Any CPU
		{DBD44F5F-F1CF-405A-A096-0F3369C03874}.Debug|Any CPU.Build.0 = Debug|Any CPU
		{DBD44F5F-F1CF-405A-A096-0F3369C03874}.Release|Any CPU.ActiveCfg = Release|Any CPU
		{DBD44F5F-F1CF-405A-A096-0F3369C03874}.Release|Any CPU.Build.0 = Release|Any CPU
		{B3D94C13-6B18-4C70-9E51-B7AD2567046F}.Debug|Any CPU.ActiveCfg = Debug|Any CPU
		{B3D94C13-6B18-4C70-9E51-B7AD2567046F}.Debug|Any CPU.Build.0 = Debug|Any CPU
		{B3D94C13-6B18-4C70-9E51-B7AD2567046F}.Release|Any CPU.ActiveCfg = Release|Any CPU
		{B3D94C13-6B18-4C70-9E51-B7AD2567046F}.Release|Any CPU.Build.0 = Release|Any CPU
		{82FA5515-A840-4229-9DB9-BA4335E1B78F}.Debug|Any CPU.ActiveCfg = Debug|Any CPU
		{82FA5515-A840-4229-9DB9-BA4335E1B78F}.Debug|Any CPU.Build.0 = Debug|Any CPU
		{82FA5515-A840-4229-9DB9-BA4335E1B78F}.Release|Any CPU.ActiveCfg = Release|Any CPU
		{82FA5515-A840-4229-9DB9-BA4335E1B78F}.Release|Any CPU.Build.0 = Release|Any CPU
		{0C68C288-1B96-4B5F-A255-5CDDDAC5CFD4}.Debug|Any CPU.ActiveCfg = Debug|Any CPU
		{0C68C288-1B96-4B5F-A255-5CDDDAC5CFD4}.Debug|Any CPU.Build.0 = Debug|Any CPU
		{0C68C288-1B96-4B5F-A255-5CDDDAC5CFD4}.Release|Any CPU.ActiveCfg = Release|Any CPU
		{0C68C288-1B96-4B5F-A255-5CDDDAC5CFD4}.Release|Any CPU.Build.0 = Release|Any CPU
		{BCD56E42-8DEE-4D4D-B413-CAD347035A0D}.Debug|Any CPU.ActiveCfg = Debug|Any CPU
		{BCD56E42-8DEE-4D4D-B413-CAD347035A0D}.Debug|Any CPU.Build.0 = Debug|Any CPU
		{BCD56E42-8DEE-4D4D-B413-CAD347035A0D}.Release|Any CPU.ActiveCfg = Release|Any CPU
		{BCD56E42-8DEE-4D4D-B413-CAD347035A0D}.Release|Any CPU.Build.0 = Release|Any CPU
		{23751C8B-AFFA-4B01-9F2F-853C517DA940}.Debug|Any CPU.ActiveCfg = Debug|Any CPU
		{23751C8B-AFFA-4B01-9F2F-853C517DA940}.Debug|Any CPU.Build.0 = Debug|Any CPU
		{23751C8B-AFFA-4B01-9F2F-853C517DA940}.Release|Any CPU.ActiveCfg = Release|Any CPU
		{23751C8B-AFFA-4B01-9F2F-853C517DA940}.Release|Any CPU.Build.0 = Release|Any CPU
		{2D30C755-659B-4B4D-83F2-4D72BD09B36B}.Debug|Any CPU.ActiveCfg = Debug|Any CPU
		{2D30C755-659B-4B4D-83F2-4D72BD09B36B}.Debug|Any CPU.Build.0 = Debug|Any CPU
		{2D30C755-659B-4B4D-83F2-4D72BD09B36B}.Release|Any CPU.ActiveCfg = Release|Any CPU
		{2D30C755-659B-4B4D-83F2-4D72BD09B36B}.Release|Any CPU.Build.0 = Release|Any CPU
		{D5AA12CB-C4D7-4660-9F32-AE6F4D7F8B7F}.Debug|Any CPU.ActiveCfg = Debug|Any CPU
		{D5AA12CB-C4D7-4660-9F32-AE6F4D7F8B7F}.Debug|Any CPU.Build.0 = Debug|Any CPU
		{D5AA12CB-C4D7-4660-9F32-AE6F4D7F8B7F}.Release|Any CPU.ActiveCfg = Release|Any CPU
		{D5AA12CB-C4D7-4660-9F32-AE6F4D7F8B7F}.Release|Any CPU.Build.0 = Release|Any CPU
		{1464E310-F6F8-4CC5-B313-FC1B71219F0B}.Debug|Any CPU.ActiveCfg = Debug|Any CPU
		{1464E310-F6F8-4CC5-B313-FC1B71219F0B}.Debug|Any CPU.Build.0 = Debug|Any CPU
		{1464E310-F6F8-4CC5-B313-FC1B71219F0B}.Release|Any CPU.ActiveCfg = Release|Any CPU
		{1464E310-F6F8-4CC5-B313-FC1B71219F0B}.Release|Any CPU.Build.0 = Release|Any CPU
		{8A6700AA-97D0-4BD6-BE44-72945801FB6B}.Debug|Any CPU.ActiveCfg = Debug|Any CPU
		{8A6700AA-97D0-4BD6-BE44-72945801FB6B}.Debug|Any CPU.Build.0 = Debug|Any CPU
		{8A6700AA-97D0-4BD6-BE44-72945801FB6B}.Release|Any CPU.ActiveCfg = Release|Any CPU
		{8A6700AA-97D0-4BD6-BE44-72945801FB6B}.Release|Any CPU.Build.0 = Release|Any CPU
		{C459304D-2305-4A4F-9150-56637E9FFFAF}.Debug|Any CPU.ActiveCfg = Debug|Any CPU
		{C459304D-2305-4A4F-9150-56637E9FFFAF}.Debug|Any CPU.Build.0 = Debug|Any CPU
		{C459304D-2305-4A4F-9150-56637E9FFFAF}.Release|Any CPU.ActiveCfg = Release|Any CPU
		{C459304D-2305-4A4F-9150-56637E9FFFAF}.Release|Any CPU.Build.0 = Release|Any CPU
		{573644AF-0C91-4C0D-BDA9-7427519A6961}.Debug|Any CPU.ActiveCfg = Debug|Any CPU
		{573644AF-0C91-4C0D-BDA9-7427519A6961}.Debug|Any CPU.Build.0 = Debug|Any CPU
		{573644AF-0C91-4C0D-BDA9-7427519A6961}.Release|Any CPU.ActiveCfg = Release|Any CPU
		{573644AF-0C91-4C0D-BDA9-7427519A6961}.Release|Any CPU.Build.0 = Release|Any CPU
<<<<<<< Updated upstream
<<<<<<< Updated upstream
<<<<<<< Updated upstream
<<<<<<< Updated upstream
>>>>>>> Stashed changes
=======
>>>>>>> Stashed changes
=======
>>>>>>> Stashed changes
=======
>>>>>>> Stashed changes
=======
>>>>>>> Stashed changes
	EndGlobalSection
	GlobalSection(SolutionProperties) = preSolution
		HideSolutionNode = FALSE
	EndGlobalSection
	GlobalSection(NestedProjects) = preSolution
<<<<<<< Updated upstream
		{09B5B114-3117-4D55-9A19-01827BA7FD58} = {02EA681E-C7D8-13C7-8484-4AC65E1B71E8}
		{1F4AA79B-ABEB-45A3-AF65-A87F7607B831} = {42C25CF4-852E-40FB-9036-97B83FE55896}
		{38E1A752-E193-48E3-AF5F-CED855572ABF} = {02EA681E-C7D8-13C7-8484-4AC65E1B71E8}
		{60A22EC7-D9B6-439C-A000-23BCD7F5809B} = {02EA681E-C7D8-13C7-8484-4AC65E1B71E8}
		{11BC1E66-1D4D-4139-AEA2-6220A2DE36FD} = {42C25CF4-852E-40FB-9036-97B83FE55896}
		{1D10EE50-9DB8-4685-A4FA-4CFDE34303AC} = {42C25CF4-852E-40FB-9036-97B83FE55896}
		{2E7F74D1-3B77-4E84-9680-1828D32FEEE6} = {42C25CF4-852E-40FB-9036-97B83FE55896}
		{D0156644-7C9E-410A-A280-9999FB6A3D55} = {42C25CF4-852E-40FB-9036-97B83FE55896}
=======
		{DBD44F5F-F1CF-405A-A096-0F3369C03874} = {BEA53065-42F0-4D53-B04D-2F441101C52D}
		{B3D94C13-6B18-4C70-9E51-B7AD2567046F} = {70BEBC35-5FC5-4A1C-AE8D-5DC70A9AA389}
		{82FA5515-A840-4229-9DB9-BA4335E1B78F} = {70BEBC35-5FC5-4A1C-AE8D-5DC70A9AA389}
		{0C68C288-1B96-4B5F-A255-5CDDDAC5CFD4} = {3366C07E-307C-4D95-A279-E917A0C9619F}
		{BCD56E42-8DEE-4D4D-B413-CAD347035A0D} = {02EA681E-C7D8-13C7-8484-4AC65E1B71E8}
		{23751C8B-AFFA-4B01-9F2F-853C517DA940} = {02EA681E-C7D8-13C7-8484-4AC65E1B71E8}
		{2D30C755-659B-4B4D-83F2-4D72BD09B36B} = {02EA681E-C7D8-13C7-8484-4AC65E1B71E8}
		{D5AA12CB-C4D7-4660-9F32-AE6F4D7F8B7F} = {02EA681E-C7D8-13C7-8484-4AC65E1B71E8}
		{1464E310-F6F8-4CC5-B313-FC1B71219F0B} = {BEA53065-42F0-4D53-B04D-2F441101C52D}
		{8A6700AA-97D0-4BD6-BE44-72945801FB6B} = {BEA53065-42F0-4D53-B04D-2F441101C52D}
		{C459304D-2305-4A4F-9150-56637E9FFFAF} = {BEA53065-42F0-4D53-B04D-2F441101C52D}
		{573644AF-0C91-4C0D-BDA9-7427519A6961} = {BEA53065-42F0-4D53-B04D-2F441101C52D}
<<<<<<< Updated upstream
<<<<<<< Updated upstream
<<<<<<< Updated upstream
<<<<<<< Updated upstream
>>>>>>> Stashed changes
=======
>>>>>>> Stashed changes
=======
>>>>>>> Stashed changes
=======
>>>>>>> Stashed changes
=======
>>>>>>> Stashed changes
	EndGlobalSection
	GlobalSection(ExtensibilityGlobals) = postSolution
		SolutionGuid = {75F1916C-92B6-4234-929E-78CD07A9F539}
	EndGlobalSection
EndGlobal
