
Microsoft Visual Studio Solution File, Format Version 12.00
# Visual Studio Version 17
VisualStudioVersion = 17.13.35919.96
MinimumVisualStudioVersion = 10.0.40219.1
Project("{FAE04EC0-301F-11D3-BF4B-00C04F79EFBC}") = "LifeLog.App", "LifeLog.App\LifeLog.App.csproj", "{88A955C6-7B8F-43A7-9985-2A37C63DFB41}"
EndProject
Project("{2150E333-8FDC-42A3-9474-1A3956D46DE8}") = "UI", "UI", "{02EA681E-C7D8-13C7-8484-4AC65E1B71E8}"
EndProject
Project("{2150E333-8FDC-42A3-9474-1A3956D46DE8}") = "Services", "Services", "{3366C07E-307C-4D95-A279-E917A0C9619F}"
EndProject
Project("{2150E333-8FDC-42A3-9474-1A3956D46DE8}") = "Base", "Base", "{BEA53065-42F0-4D53-B04D-2F441101C52D}"
EndProject
Project("{2150E333-8FDC-42A3-9474-1A3956D46DE8}") = "Data", "Data", "{70BEBC35-5FC5-4A1C-AE8D-5DC70A9AA389}"
EndProject
Project("{FAE04EC0-301F-11D3-BF4B-00C04F79EFBC}") = "LifeLog.Base.Infrastructure", "Base\LifeLog.Base.Infrastructure\LifeLog.Base.Infrastructure.csproj", "{DBD44F5F-F1CF-405A-A096-0F3369C03874}"
EndProject
Project("{FAE04EC0-301F-11D3-BF4B-00C04F79EFBC}") = "LifeLog.Data.Coutries", "Data\LifeLog.Data.Coutries\LifeLog.Data.Coutries.csproj", "{B3D94C13-6B18-4C70-9E51-B7AD2567046F}"
EndProject
Project("{FAE04EC0-301F-11D3-BF4B-00C04F79EFBC}") = "LifeLog.Data.Database", "Data\LifeLog.Data.Database\LifeLog.Data.Database.csproj", "{82FA5515-A840-4229-9DB9-BA4335E1B78F}"
EndProject
Project("{FAE04EC0-301F-11D3-BF4B-00C04F79EFBC}") = "LifeLog.Services.Api", "Services\LifeLog.Services.Api\LifeLog.Services.Api.csproj", "{0C68C288-1B96-4B5F-A255-5CDDDAC5CFD4}"
EndProject
Project("{FAE04EC0-301F-11D3-BF4B-00C04F79EFBC}") = "LifeLog.UI.BackEnd", "UI\LifeLog.UI.BackEnd\LifeLog.UI.BackEnd.csproj", "{BCD56E42-8DEE-4D4D-B413-CAD347035A0D}"
EndProject
Project("{FAE04EC0-301F-11D3-BF4B-00C04F79EFBC}") = "LifeLog.UI.Common", "UI\LifeLog.UI.Common\LifeLog.UI.Common.csproj", "{23751C8B-AFFA-4B01-9F2F-853C517DA940}"
EndProject
Project("{FAE04EC0-301F-11D3-BF4B-00C04F79EFBC}") = "LifeLog.UI.FrontEnd", "UI\LifeLog.UI.FrontEnd\LifeLog.UI.FrontEnd.csproj", "{2D30C755-659B-4B4D-83F2-4D72BD09B36B}"
EndProject
Project("{FAE04EC0-301F-11D3-BF4B-00C04F79EFBC}") = "LifeLog.UI.Resources", "UI\LifeLog.UI.Resources\LifeLog.UI.Resources.csproj", "{D5AA12CB-C4D7-4660-9F32-AE6F4D7F8B7F}"
EndProject
Project("{FAE04EC0-301F-11D3-BF4B-00C04F79EFBC}") = "LifeLog.Base.Components", "Base\LifeLog.Base.Components\LifeLog.Base.Components.csproj", "{1464E310-F6F8-4CC5-B313-FC1B71219F0B}"
EndProject
Project("{FAE04EC0-301F-11D3-BF4B-00C04F79EFBC}") = "LifeLog.Base.Utils", "Base\LifeLog.Base.Utils\LifeLog.Base.Utils.csproj", "{8A6700AA-97D0-4BD6-BE44-72945801FB6B}"
EndProject
Project("{FAE04EC0-301F-11D3-BF4B-00C04F79EFBC}") = "LifeLog.Base.DapperUtil", "Base\LifeLog.Base.DapperUtil\LifeLog.Base.DapperUtil.csproj", "{C459304D-2305-4A4F-9150-56637E9FFFAF}"
EndProject
Global
	GlobalSection(SolutionConfigurationPlatforms) = preSolution
		Debug|Any CPU = Debug|Any CPU
		Release|Any CPU = Release|Any CPU
	EndGlobalSection
	GlobalSection(ProjectConfigurationPlatforms) = postSolution
		{88A955C6-7B8F-43A7-9985-2A37C63DFB41}.Debug|Any CPU.ActiveCfg = Debug|Any CPU
		{88A955C6-7B8F-43A7-9985-2A37C63DFB41}.Debug|Any CPU.Build.0 = Debug|Any CPU
		{88A955C6-7B8F-43A7-9985-2A37C63DFB41}.Release|Any CPU.ActiveCfg = Release|Any CPU
		{88A955C6-7B8F-43A7-9985-2A37C63DFB41}.Release|Any CPU.Build.0 = Release|Any CPU
		{DBD44F5F-F1CF-405A-A096-0F3369C03874}.Debug|Any CPU.ActiveCfg = Debug|Any CPU
		{DBD44F5F-F1CF-405A-A096-0F3369C03874}.Debug|Any CPU.Build.0 = Debug|Any CPU
		{DBD44F5F-F1CF-405A-A096-0F3369C03874}.Release|Any CPU.ActiveCfg = Release|Any CPU
		{DBD44F5F-F1CF-405A-A096-0F3369C03874}.Release|Any CPU.Build.0 = Release|Any CPU
		{B3D94C13-6B18-4C70-9E51-B7AD2567046F}.Debug|Any CPU.ActiveCfg = Debug|Any CPU
		{B3D94C13-6B18-4C70-9E51-B7AD2567046F}.Debug|Any CPU.Build.0 = Debug|Any CPU
		{B3D94C13-6B18-4C70-9E51-B7AD2567046F}.Release|Any CPU.ActiveCfg = Release|Any CPU
		{B3D94C13-6B18-4C70-9E51-B7AD2567046F}.Release|Any CPU.Build.0 = Release|Any CPU
		{82FA5515-A840-4229-9DB9-BA4335E1B78F}.Debug|Any CPU.ActiveCfg = Debug|Any CPU
		{82FA5515-A840-4229-9DB9-BA4335E1B78F}.Debug|Any CPU.Build.0 = Debug|Any CPU
		{82FA5515-A840-4229-9DB9-BA4335E1B78F}.Release|Any CPU.ActiveCfg = Release|Any CPU
		{82FA5515-A840-4229-9DB9-BA4335E1B78F}.Release|Any CPU.Build.0 = Release|Any CPU
		{0C68C288-1B96-4B5F-A255-5CDDDAC5CFD4}.Debug|Any CPU.ActiveCfg = Debug|Any CPU
		{0C68C288-1B96-4B5F-A255-5CDDDAC5CFD4}.Debug|Any CPU.Build.0 = Debug|Any CPU
		{0C68C288-1B96-4B5F-A255-5CDDDAC5CFD4}.Release|Any CPU.ActiveCfg = Release|Any CPU
		{0C68C288-1B96-4B5F-A255-5CDDDAC5CFD4}.Release|Any CPU.Build.0 = Release|Any CPU
		{BCD56E42-8DEE-4D4D-B413-CAD347035A0D}.Debug|Any CPU.ActiveCfg = Debug|Any CPU
		{BCD56E42-8DEE-4D4D-B413-CAD347035A0D}.Debug|Any CPU.Build.0 = Debug|Any CPU
		{BCD56E42-8DEE-4D4D-B413-CAD347035A0D}.Release|Any CPU.ActiveCfg = Release|Any CPU
		{BCD56E42-8DEE-4D4D-B413-CAD347035A0D}.Release|Any CPU.Build.0 = Release|Any CPU
		{23751C8B-AFFA-4B01-9F2F-853C517DA940}.Debug|Any CPU.ActiveCfg = Debug|Any CPU
		{23751C8B-AFFA-4B01-9F2F-853C517DA940}.Debug|Any CPU.Build.0 = Debug|Any CPU
		{23751C8B-AFFA-4B01-9F2F-853C517DA940}.Release|Any CPU.ActiveCfg = Release|Any CPU
		{23751C8B-AFFA-4B01-9F2F-853C517DA940}.Release|Any CPU.Build.0 = Release|Any CPU
		{2D30C755-659B-4B4D-83F2-4D72BD09B36B}.Debug|Any CPU.ActiveCfg = Debug|Any CPU
		{2D30C755-659B-4B4D-83F2-4D72BD09B36B}.Debug|Any CPU.Build.0 = Debug|Any CPU
		{2D30C755-659B-4B4D-83F2-4D72BD09B36B}.Release|Any CPU.ActiveCfg = Release|Any CPU
		{2D30C755-659B-4B4D-83F2-4D72BD09B36B}.Release|Any CPU.Build.0 = Release|Any CPU
		{D5AA12CB-C4D7-4660-9F32-AE6F4D7F8B7F}.Debug|Any CPU.ActiveCfg = Debug|Any CPU
		{D5AA12CB-C4D7-4660-9F32-AE6F4D7F8B7F}.Debug|Any CPU.Build.0 = Debug|Any CPU
		{D5AA12CB-C4D7-4660-9F32-AE6F4D7F8B7F}.Release|Any CPU.ActiveCfg = Release|Any CPU
		{D5AA12CB-C4D7-4660-9F32-AE6F4D7F8B7F}.Release|Any CPU.Build.0 = Release|Any CPU
		{1464E310-F6F8-4CC5-B313-FC1B71219F0B}.Debug|Any CPU.ActiveCfg = Debug|Any CPU
		{1464E310-F6F8-4CC5-B313-FC1B71219F0B}.Debug|Any CPU.Build.0 = Debug|Any CPU
		{1464E310-F6F8-4CC5-B313-FC1B71219F0B}.Release|Any CPU.ActiveCfg = Release|Any CPU
		{1464E310-F6F8-4CC5-B313-FC1B71219F0B}.Release|Any CPU.Build.0 = Release|Any CPU
		{8A6700AA-97D0-4BD6-BE44-72945801FB6B}.Debug|Any CPU.ActiveCfg = Debug|Any CPU
		{8A6700AA-97D0-4BD6-BE44-72945801FB6B}.Debug|Any CPU.Build.0 = Debug|Any CPU
		{8A6700AA-97D0-4BD6-BE44-72945801FB6B}.Release|Any CPU.ActiveCfg = Release|Any CPU
		{8A6700AA-97D0-4BD6-BE44-72945801FB6B}.Release|Any CPU.Build.0 = Release|Any CPU
		{C459304D-2305-4A4F-9150-56637E9FFFAF}.Debug|Any CPU.ActiveCfg = Debug|Any CPU
		{C459304D-2305-4A4F-9150-56637E9FFFAF}.Debug|Any CPU.Build.0 = Debug|Any CPU
		{C459304D-2305-4A4F-9150-56637E9FFFAF}.Release|Any CPU.ActiveCfg = Release|Any CPU
		{C459304D-2305-4A4F-9150-56637E9FFFAF}.Release|Any CPU.Build.0 = Release|Any CPU
	EndGlobalSection
	GlobalSection(SolutionProperties) = preSolution
		HideSolutionNode = FALSE
	EndGlobalSection
	GlobalSection(NestedProjects) = preSolution
		{DBD44F5F-F1CF-405A-A096-0F3369C03874} = {BEA53065-42F0-4D53-B04D-2F441101C52D}
		{B3D94C13-6B18-4C70-9E51-B7AD2567046F} = {70BEBC35-5FC5-4A1C-AE8D-5DC70A9AA389}
		{82FA5515-A840-4229-9DB9-BA4335E1B78F} = {70BEBC35-5FC5-4A1C-AE8D-5DC70A9AA389}
		{0C68C288-1B96-4B5F-A255-5CDDDAC5CFD4} = {3366C07E-307C-4D95-A279-E917A0C9619F}
		{BCD56E42-8DEE-4D4D-B413-CAD347035A0D} = {02EA681E-C7D8-13C7-8484-4AC65E1B71E8}
		{23751C8B-AFFA-4B01-9F2F-853C517DA940} = {02EA681E-C7D8-13C7-8484-4AC65E1B71E8}
		{2D30C755-659B-4B4D-83F2-4D72BD09B36B} = {02EA681E-C7D8-13C7-8484-4AC65E1B71E8}
		{D5AA12CB-C4D7-4660-9F32-AE6F4D7F8B7F} = {02EA681E-C7D8-13C7-8484-4AC65E1B71E8}
		{1464E310-F6F8-4CC5-B313-FC1B71219F0B} = {BEA53065-42F0-4D53-B04D-2F441101C52D}
		{8A6700AA-97D0-4BD6-BE44-72945801FB6B} = {BEA53065-42F0-4D53-B04D-2F441101C52D}
		{C459304D-2305-4A4F-9150-56637E9FFFAF} = {BEA53065-42F0-4D53-B04D-2F441101C52D}
	EndGlobalSection
	GlobalSection(ExtensibilityGlobals) = postSolution
		SolutionGuid = {419DD50C-E3AC-47AE-8E13-0BDA2B23FE05}
	EndGlobalSection
EndGlobal
