
Microsoft Visual Studio Solution File, Format Version 12.00
# Visual Studio Version 17
VisualStudioVersion = 17.13.35919.96
MinimumVisualStudioVersion = 10.0.40219.1
Project("{FAE04EC0-301F-11D3-BF4B-00C04F79EFBC}") = "LifeLogApp", "LifeLogApp\LifeLogApp.csproj", "{E41EE724-2E53-4176-AAD3-02E8AB839214}"
EndProject
Project("{2150E333-8FDC-42A3-9474-1A3956D46DE8}") = "Services", "Services", "{02EA681E-C7D8-13C7-8484-4AC65E1B71E8}"
EndProject
Project("{FAE04EC0-301F-11D3-BF4B-00C04F79EFBC}") = "Core", "Services\Core\Core.csproj", "{DDD5F8FD-CBB8-416E-A610-DC9770CE0040}"
EndProject
Project("{FAE04EC0-301F-11D3-BF4B-00C04F79EFBC}") = "Data", "Services\Data\Data.csproj", "{A4C38BB7-9455-456A-B452-6CD5AC9EAD58}"
EndProject
Project("{FAE04EC0-301F-11D3-BF4B-00C04F79EFBC}") = "WorldData", "Services\WorldData\WorldData.csproj", "{60A22EC7-D9B6-439C-A000-23BCD7F5809B}"
EndProject
Project("{FAE04EC0-301F-11D3-BF4B-00C04F79EFBC}") = "Components", "Services\Components\Components.csproj", "{293895E9-4243-78B5-5C28-193B12A1625B}"
EndProject
Project("{FAE04EC0-301F-11D3-BF4B-00C04F79EFBC}") = "Api", "Services\Api\Api.csproj", "{93CECDC0-1A24-24B3-DB16-2DBDB3B4E7C9}"
EndProject
Global
	GlobalSection(SolutionConfigurationPlatforms) = preSolution
		Debug|Any CPU = Debug|Any CPU
		Release|Any CPU = Release|Any CPU
	EndGlobalSection
	GlobalSection(ProjectConfigurationPlatforms) = postSolution
		{E41EE724-2E53-4176-AAD3-02E8AB839214}.Debug|Any CPU.ActiveCfg = Debug|Any CPU
		{E41EE724-2E53-4176-AAD3-02E8AB839214}.Debug|Any CPU.Build.0 = Debug|Any CPU
		{E41EE724-2E53-4176-AAD3-02E8AB839214}.Release|Any CPU.ActiveCfg = Release|Any CPU
		{E41EE724-2E53-4176-AAD3-02E8AB839214}.Release|Any CPU.Build.0 = Release|Any CPU
		{DDD5F8FD-CBB8-416E-A610-DC9770CE0040}.Debug|Any CPU.ActiveCfg = Debug|Any CPU
		{DDD5F8FD-CBB8-416E-A610-DC9770CE0040}.Debug|Any CPU.Build.0 = Debug|Any CPU
		{DDD5F8FD-CBB8-416E-A610-DC9770CE0040}.Release|Any CPU.ActiveCfg = Release|Any CPU
		{DDD5F8FD-CBB8-416E-A610-DC9770CE0040}.Release|Any CPU.Build.0 = Release|Any CPU
		{A4C38BB7-9455-456A-B452-6CD5AC9EAD58}.Debug|Any CPU.ActiveCfg = Debug|Any CPU
		{A4C38BB7-9455-456A-B452-6CD5AC9EAD58}.Debug|Any CPU.Build.0 = Debug|Any CPU
		{A4C38BB7-9455-456A-B452-6CD5AC9EAD58}.Release|Any CPU.ActiveCfg = Release|Any CPU
		{A4C38BB7-9455-456A-B452-6CD5AC9EAD58}.Release|Any CPU.Build.0 = Release|Any CPU
		{60A22EC7-D9B6-439C-A000-23BCD7F5809B}.Debug|Any CPU.ActiveCfg = Debug|Any CPU
		{60A22EC7-D9B6-439C-A000-23BCD7F5809B}.Debug|Any CPU.Build.0 = Debug|Any CPU
		{60A22EC7-D9B6-439C-A000-23BCD7F5809B}.Release|Any CPU.ActiveCfg = Release|Any CPU
		{60A22EC7-D9B6-439C-A000-23BCD7F5809B}.Release|Any CPU.Build.0 = Release|Any CPU
		{293895E9-4243-78B5-5C28-193B12A1625B}.Debug|Any CPU.ActiveCfg = Debug|Any CPU
		{293895E9-4243-78B5-5C28-193B12A1625B}.Debug|Any CPU.Build.0 = Debug|Any CPU
		{293895E9-4243-78B5-5C28-193B12A1625B}.Release|Any CPU.ActiveCfg = Release|Any CPU
		{293895E9-4243-78B5-5C28-193B12A1625B}.Release|Any CPU.Build.0 = Release|Any CPU
		{93CECDC0-1A24-24B3-DB16-2DBDB3B4E7C9}.Debug|Any CPU.ActiveCfg = Debug|Any CPU
		{93CECDC0-1A24-24B3-DB16-2DBDB3B4E7C9}.Debug|Any CPU.Build.0 = Debug|Any CPU
		{93CECDC0-1A24-24B3-DB16-2DBDB3B4E7C9}.Release|Any CPU.ActiveCfg = Release|Any CPU
		{93CECDC0-1A24-24B3-DB16-2DBDB3B4E7C9}.Release|Any CPU.Build.0 = Release|Any CPU
	EndGlobalSection
	GlobalSection(SolutionProperties) = preSolution
		HideSolutionNode = FALSE
	EndGlobalSection
	GlobalSection(NestedProjects) = preSolution
		{DDD5F8FD-CBB8-416E-A610-DC9770CE0040} = {02EA681E-C7D8-13C7-8484-4AC65E1B71E8}
		{A4C38BB7-9455-456A-B452-6CD5AC9EAD58} = {02EA681E-C7D8-13C7-8484-4AC65E1B71E8}
		{60A22EC7-D9B6-439C-A000-23BCD7F5809B} = {02EA681E-C7D8-13C7-8484-4AC65E1B71E8}
		{293895E9-4243-78B5-5C28-193B12A1625B} = {02EA681E-C7D8-13C7-8484-4AC65E1B71E8}
		{93CECDC0-1A24-24B3-DB16-2DBDB3B4E7C9} = {02EA681E-C7D8-13C7-8484-4AC65E1B71E8}
	EndGlobalSection
	GlobalSection(ExtensibilityGlobals) = postSolution
		SolutionGuid = {525477F5-FCA5-4589-8AA4-A34AA9D85B25}
	EndGlobalSection
EndGlobal
