
Microsoft Visual Studio Solution File, Format Version 12.00
# Visual Studio Version 18
VisualStudioVersion = 18.1.11312.151
MinimumVisualStudioVersion = 10.0.40219.1
Project("{FAE04EC0-301F-11D3-BF4B-00C04F79EFBC}") = "LifeLog", "LifeLog\LifeLog.csproj", "{35A5C061-B8AB-4BA0-8066-59687562CA60}"
EndProject
Project("{FAE04EC0-301F-11D3-BF4B-00C04F79EFBC}") = "LifeLog.Data", "Data\LifeLog.Data\LifeLog.Data.csproj", "{71813A58-50A5-429A-8D49-540801B5B315}"
EndProject
Project("{FAE04EC0-301F-11D3-BF4B-00C04F79EFBC}") = "LifeLog.Core", "Core\LifeLog.Core\LifeLog.Core.csproj", "{6519D74F-5D68-4E3B-8D4B-20F31E312941}"
EndProject
Project("{FAE04EC0-301F-11D3-BF4B-00C04F79EFBC}") = "LifeLog.Services.Api", "Services\LifeLog.Services.Api\LifeLog.Services.Api.csproj", "{3E25FEA5-B722-46EA-A0BE-6C4E5A33FB94}"
EndProject
Project("{2150E333-8FDC-42A3-9474-1A3956D46DE8}") = "Services", "Services", "{56A2ED10-18C2-4D3E-8921-DEB967AC20C5}"
EndProject
Project("{FAE04EC0-301F-11D3-BF4B-00C04F79EFBC}") = "LifeLog.Services.Weather", "Services\LifeLog.Services.Weather\LifeLog.Services.Weather.csproj", "{FBF495F5-62DE-4863-A7B7-9827068ACFD6}"
EndProject
Project("{FAE04EC0-301F-11D3-BF4B-00C04F79EFBC}") = "LifeLog.Services.SqlData", "Services\LifeLog.Services.SqlData\LifeLog.Services.SqlData.csproj", "{C3E6DF85-2F18-4CB3-A1B0-AE8982BE1613}"
EndProject
Project("{2150E333-8FDC-42A3-9474-1A3956D46DE8}") = "Core", "Core", "{FD69030F-8FC0-4DFF-9501-CB9BA9CAD31A}"
EndProject
Project("{FAE04EC0-301F-11D3-BF4B-00C04F79EFBC}") = "LifeLog.Core.Utils", "Core\LifeLog.Core.Utils\LifeLog.Core.Utils.csproj", "{1E5272DA-6765-48A5-9590-DE087AC3EDAE}"
EndProject
Project("{2150E333-8FDC-42A3-9474-1A3956D46DE8}") = "Data", "Data", "{106BCB92-DA37-4D97-BF93-EC0A343BF6B1}"
EndProject
Project("{FAE04EC0-301F-11D3-BF4B-00C04F79EFBC}") = "LifeLog.Services", "Services\LifeLog.Services\LifeLog.Services.csproj", "{384AB134-782E-48D6-9939-58382C3FE2E6}"
EndProject
Project("{FAE04EC0-301F-11D3-BF4B-00C04F79EFBC}") = "LifeLog.Data.Coutries", "Data\LifeLog.Data.Coutries\LifeLog.Data.Coutries.csproj", "{3049DFA9-BC79-4614-9CBE-2EDE5C67826C}"
EndProject
Global
	GlobalSection(SolutionConfigurationPlatforms) = preSolution
		Debug|Any CPU = Debug|Any CPU
		Release|Any CPU = Release|Any CPU
	EndGlobalSection
	GlobalSection(ProjectConfigurationPlatforms) = postSolution
		{35A5C061-B8AB-4BA0-8066-59687562CA60}.Debug|Any CPU.ActiveCfg = Debug|Any CPU
		{35A5C061-B8AB-4BA0-8066-59687562CA60}.Debug|Any CPU.Build.0 = Debug|Any CPU
		{35A5C061-B8AB-4BA0-8066-59687562CA60}.Release|Any CPU.ActiveCfg = Release|Any CPU
		{35A5C061-B8AB-4BA0-8066-59687562CA60}.Release|Any CPU.Build.0 = Release|Any CPU
		{71813A58-50A5-429A-8D49-540801B5B315}.Debug|Any CPU.ActiveCfg = Debug|Any CPU
		{71813A58-50A5-429A-8D49-540801B5B315}.Debug|Any CPU.Build.0 = Debug|Any CPU
		{71813A58-50A5-429A-8D49-540801B5B315}.Release|Any CPU.ActiveCfg = Release|Any CPU
		{71813A58-50A5-429A-8D49-540801B5B315}.Release|Any CPU.Build.0 = Release|Any CPU
		{6519D74F-5D68-4E3B-8D4B-20F31E312941}.Debug|Any CPU.ActiveCfg = Debug|Any CPU
		{6519D74F-5D68-4E3B-8D4B-20F31E312941}.Debug|Any CPU.Build.0 = Debug|Any CPU
		{6519D74F-5D68-4E3B-8D4B-20F31E312941}.Release|Any CPU.ActiveCfg = Release|Any CPU
		{6519D74F-5D68-4E3B-8D4B-20F31E312941}.Release|Any CPU.Build.0 = Release|Any CPU
		{3E25FEA5-B722-46EA-A0BE-6C4E5A33FB94}.Debug|Any CPU.ActiveCfg = Debug|Any CPU
		{3E25FEA5-B722-46EA-A0BE-6C4E5A33FB94}.Debug|Any CPU.Build.0 = Debug|Any CPU
		{3E25FEA5-B722-46EA-A0BE-6C4E5A33FB94}.Release|Any CPU.ActiveCfg = Release|Any CPU
		{3E25FEA5-B722-46EA-A0BE-6C4E5A33FB94}.Release|Any CPU.Build.0 = Release|Any CPU
		{FBF495F5-62DE-4863-A7B7-9827068ACFD6}.Debug|Any CPU.ActiveCfg = Debug|Any CPU
		{FBF495F5-62DE-4863-A7B7-9827068ACFD6}.Debug|Any CPU.Build.0 = Debug|Any CPU
		{FBF495F5-62DE-4863-A7B7-9827068ACFD6}.Release|Any CPU.ActiveCfg = Release|Any CPU
		{FBF495F5-62DE-4863-A7B7-9827068ACFD6}.Release|Any CPU.Build.0 = Release|Any CPU
		{C3E6DF85-2F18-4CB3-A1B0-AE8982BE1613}.Debug|Any CPU.ActiveCfg = Debug|Any CPU
		{C3E6DF85-2F18-4CB3-A1B0-AE8982BE1613}.Debug|Any CPU.Build.0 = Debug|Any CPU
		{C3E6DF85-2F18-4CB3-A1B0-AE8982BE1613}.Release|Any CPU.ActiveCfg = Release|Any CPU
		{C3E6DF85-2F18-4CB3-A1B0-AE8982BE1613}.Release|Any CPU.Build.0 = Release|Any CPU
		{1E5272DA-6765-48A5-9590-DE087AC3EDAE}.Debug|Any CPU.ActiveCfg = Debug|Any CPU
		{1E5272DA-6765-48A5-9590-DE087AC3EDAE}.Debug|Any CPU.Build.0 = Debug|Any CPU
		{1E5272DA-6765-48A5-9590-DE087AC3EDAE}.Release|Any CPU.ActiveCfg = Release|Any CPU
		{1E5272DA-6765-48A5-9590-DE087AC3EDAE}.Release|Any CPU.Build.0 = Release|Any CPU
		{384AB134-782E-48D6-9939-58382C3FE2E6}.Debug|Any CPU.ActiveCfg = Debug|Any CPU
		{384AB134-782E-48D6-9939-58382C3FE2E6}.Debug|Any CPU.Build.0 = Debug|Any CPU
		{384AB134-782E-48D6-9939-58382C3FE2E6}.Release|Any CPU.ActiveCfg = Release|Any CPU
		{384AB134-782E-48D6-9939-58382C3FE2E6}.Release|Any CPU.Build.0 = Release|Any CPU
		{3049DFA9-BC79-4614-9CBE-2EDE5C67826C}.Debug|Any CPU.ActiveCfg = Debug|Any CPU
		{3049DFA9-BC79-4614-9CBE-2EDE5C67826C}.Debug|Any CPU.Build.0 = Debug|Any CPU
		{3049DFA9-BC79-4614-9CBE-2EDE5C67826C}.Release|Any CPU.ActiveCfg = Release|Any CPU
		{3049DFA9-BC79-4614-9CBE-2EDE5C67826C}.Release|Any CPU.Build.0 = Release|Any CPU
	EndGlobalSection
	GlobalSection(SolutionProperties) = preSolution
		HideSolutionNode = FALSE
	EndGlobalSection
	GlobalSection(NestedProjects) = preSolution
		{71813A58-50A5-429A-8D49-540801B5B315} = {106BCB92-DA37-4D97-BF93-EC0A343BF6B1}
		{6519D74F-5D68-4E3B-8D4B-20F31E312941} = {FD69030F-8FC0-4DFF-9501-CB9BA9CAD31A}
		{3E25FEA5-B722-46EA-A0BE-6C4E5A33FB94} = {56A2ED10-18C2-4D3E-8921-DEB967AC20C5}
		{FBF495F5-62DE-4863-A7B7-9827068ACFD6} = {56A2ED10-18C2-4D3E-8921-DEB967AC20C5}
		{C3E6DF85-2F18-4CB3-A1B0-AE8982BE1613} = {56A2ED10-18C2-4D3E-8921-DEB967AC20C5}
		{1E5272DA-6765-48A5-9590-DE087AC3EDAE} = {FD69030F-8FC0-4DFF-9501-CB9BA9CAD31A}
		{384AB134-782E-48D6-9939-58382C3FE2E6} = {56A2ED10-18C2-4D3E-8921-DEB967AC20C5}
		{3049DFA9-BC79-4614-9CBE-2EDE5C67826C} = {106BCB92-DA37-4D97-BF93-EC0A343BF6B1}
	EndGlobalSection
	GlobalSection(ExtensibilityGlobals) = postSolution
		SolutionGuid = {A461D8D3-6369-4918-A763-B133F1A75465}
	EndGlobalSection
EndGlobal
