<Solution>
  <Folder Name="/Core/">
    <Project Path="Core/LifeLog.Core.Utils/LifeLog.Core.Utils.csproj" />
    <Project Path="Core/LifeLog.Core/LifeLog.Core.csproj" />
  </Folder>
  <Folder Name="/Data/">
    <Project Path="Data/LifeLog.Data.World/LifeLog.Data.World.csproj" />
    <Project Path="Data/LifeLog.Data.Xpo/LifeLog.Data.Xpo.csproj" />
    <Project Path="Data/LifeLog.Data/LifeLog.Data.csproj" />
  </Folder>
  <Folder Name="/Services/">
    <Project Path="Services/LifeLog.Services.Api/LifeLog.Services.Api.csproj" />
    <Project Path="Services/LifeLog.Services.JsonApi/LifeLog.Services.JsonApi.csproj" Id="2485f871-c0c4-4924-a97a-b5b8de9c6dd4" />
    <Project Path="Services/LifeLog.Services.SqlData/LifeLog.Services.SqlData.csproj" />
    <Project Path="Services/LifeLog.Services.Weather/LifeLog.Services.Weather.csproj" />
    <Project Path="Services/LifeLog.Services/LifeLog.Services.csproj" />
  </Folder>
  <Project Path="LifeLog/LifeLog.csproj" />
</Solution>
